Microsoft Visual Studio Solution File, Format Version 12.00
# Visual Studio Version 17
VisualStudioVersion = 17.5.2.0
MinimumVisualStudioVersion = 10.0.40219.1
Project("{FAE04EC0-301F-11D3-BF4B-00C04F79EFBC}") = "Helpers", "Helpers\Helpers.csproj", "{57B68BDB-4AD1-72E6-BF38-FF4B9A787EA2}"
EndProject
Project("{2150E333-8FDC-42A3-9474-1A3956D46DE8}") = "2024", "2024", "{EAA4C3EA-4F80-F7E2-43F4-B077FE12FBA7}"
EndProject
Project("{FAE04EC0-301F-11D3-BF4B-00C04F79EFBC}") = "day1", "2024\day1\day1.csproj", "{4EAA30FA-3FF8-0E1D-D5E5-1CA9599E64F0}"
EndProject
Global
	GlobalSection(SolutionConfigurationPlatforms) = preSolution
		Debug|Any CPU = Debug|Any CPU
		Release|Any CPU = Release|Any CPU
	EndGlobalSection
	GlobalSection(ProjectConfigurationPlatforms) = postSolution
		{57B68BDB-4AD1-72E6-BF38-FF4B9A787EA2}.Debug|Any CPU.ActiveCfg = Debug|Any CPU
		{57B68BDB-4AD1-72E6-BF38-FF4B9A787EA2}.Debug|Any CPU.Build.0 = Debug|Any CPU
		{57B68BDB-4AD1-72E6-BF38-FF4B9A787EA2}.Release|Any CPU.ActiveCfg = Release|Any CPU
		{57B68BDB-4AD1-72E6-BF38-FF4B9A787EA2}.Release|Any CPU.Build.0 = Release|Any CPU
		{4EAA30FA-3FF8-0E1D-D5E5-1CA9599E64F0}.Debug|Any CPU.ActiveCfg = Debug|Any CPU
		{4EAA30FA-3FF8-0E1D-D5E5-1CA9599E64F0}.Debug|Any CPU.Build.0 = Debug|Any CPU
		{4EAA30FA-3FF8-0E1D-D5E5-1CA9599E64F0}.Release|Any CPU.ActiveCfg = Release|Any CPU
		{4EAA30FA-3FF8-0E1D-D5E5-1CA9599E64F0}.Release|Any CPU.Build.0 = Release|Any CPU
	EndGlobalSection
	GlobalSection(SolutionProperties) = preSolution
		HideSolutionNode = FALSE
	EndGlobalSection
	GlobalSection(NestedProjects) = preSolution
		{4EAA30FA-3FF8-0E1D-D5E5-1CA9599E64F0} = {EAA4C3EA-4F80-F7E2-43F4-B077FE12FBA7}
	EndGlobalSection
	GlobalSection(ExtensibilityGlobals) = postSolution
		SolutionGuid = {D2823776-70B4-4787-A130-164345A9CC0D}
	EndGlobalSection
EndGlobal
